// !$*UTF8*$!
{
	archiveVersion = 1;
	classes = {
	};
	objectVersion = 51;
	objects = {

/* Begin PBXBuildFile section */
		402171B9315F0F3C581578C5 /* Pods_oauth_test.framework in Frameworks */ = {isa = PBXBuildFile; fileRef = 06B0AE88E483034DCC9BC5E4 /* Pods_oauth_test.framework */; };
		E212638523EC961500A0AAC1 /* AppDelegate.swift in Sources */ = {isa = PBXBuildFile; fileRef = E212638423EC961500A0AAC1 /* AppDelegate.swift */; };
		E212638723EC961500A0AAC1 /* SceneDelegate.swift in Sources */ = {isa = PBXBuildFile; fileRef = E212638623EC961500A0AAC1 /* SceneDelegate.swift */; };
		E212638923EC961600A0AAC1 /* ViewController.swift in Sources */ = {isa = PBXBuildFile; fileRef = E212638823EC961600A0AAC1 /* ViewController.swift */; };
		E212638C23EC961600A0AAC1 /* Main.storyboard in Resources */ = {isa = PBXBuildFile; fileRef = E212638A23EC961600A0AAC1 /* Main.storyboard */; };
		E212638E23EC961700A0AAC1 /* Assets.xcassets in Resources */ = {isa = PBXBuildFile; fileRef = E212638D23EC961700A0AAC1 /* Assets.xcassets */; };
		E212639123EC961700A0AAC1 /* LaunchScreen.storyboard in Resources */ = {isa = PBXBuildFile; fileRef = E212638F23EC961700A0AAC1 /* LaunchScreen.storyboard */; };
/* End PBXBuildFile section */

/* Begin PBXFileReference section */
		06B0AE88E483034DCC9BC5E4 /* Pods_oauth_test.framework */ = {isa = PBXFileReference; explicitFileType = wrapper.framework; includeInIndex = 0; path = Pods_oauth_test.framework; sourceTree = BUILT_PRODUCTS_DIR; };
		12C7B2E7A6BF2FB19C0DB031 /* Pods-oauth-test.debug.xcconfig */ = {isa = PBXFileReference; includeInIndex = 1; lastKnownFileType = text.xcconfig; name = "Pods-oauth-test.debug.xcconfig"; path = "Target Support Files/Pods-oauth-test/Pods-oauth-test.debug.xcconfig"; sourceTree = "<group>"; };
		8C556D52D4E686DE1F5D47A6 /* Pods-oauth-test.release.xcconfig */ = {isa = PBXFileReference; includeInIndex = 1; lastKnownFileType = text.xcconfig; name = "Pods-oauth-test.release.xcconfig"; path = "Target Support Files/Pods-oauth-test/Pods-oauth-test.release.xcconfig"; sourceTree = "<group>"; };
		E212638123EC961500A0AAC1 /* oauth-test.app */ = {isa = PBXFileReference; explicitFileType = wrapper.application; includeInIndex = 0; path = "oauth-test.app"; sourceTree = BUILT_PRODUCTS_DIR; };
		E212638423EC961500A0AAC1 /* AppDelegate.swift */ = {isa = PBXFileReference; lastKnownFileType = sourcecode.swift; path = AppDelegate.swift; sourceTree = "<group>"; };
		E212638623EC961500A0AAC1 /* SceneDelegate.swift */ = {isa = PBXFileReference; lastKnownFileType = sourcecode.swift; path = SceneDelegate.swift; sourceTree = "<group>"; };
		E212638823EC961600A0AAC1 /* ViewController.swift */ = {isa = PBXFileReference; lastKnownFileType = sourcecode.swift; path = ViewController.swift; sourceTree = "<group>"; };
		E212638B23EC961600A0AAC1 /* Base */ = {isa = PBXFileReference; lastKnownFileType = file.storyboard; name = Base; path = Base.lproj/Main.storyboard; sourceTree = "<group>"; };
		E212638D23EC961700A0AAC1 /* Assets.xcassets */ = {isa = PBXFileReference; lastKnownFileType = folder.assetcatalog; path = Assets.xcassets; sourceTree = "<group>"; };
		E212639023EC961700A0AAC1 /* Base */ = {isa = PBXFileReference; lastKnownFileType = file.storyboard; name = Base; path = Base.lproj/LaunchScreen.storyboard; sourceTree = "<group>"; };
		E212639223EC961700A0AAC1 /* Info.plist */ = {isa = PBXFileReference; lastKnownFileType = text.plist.xml; path = Info.plist; sourceTree = "<group>"; };
/* End PBXFileReference section */

/* Begin PBXFrameworksBuildPhase section */
		E212637E23EC961500A0AAC1 /* Frameworks */ = {
			isa = PBXFrameworksBuildPhase;
			buildActionMask = 2147483647;
			files = (
				402171B9315F0F3C581578C5 /* Pods_oauth_test.framework in Frameworks */,
			);
			runOnlyForDeploymentPostprocessing = 0;
		};
/* End PBXFrameworksBuildPhase section */

/* Begin PBXGroup section */
		66A9D84BDE863A4C0E1DC5DC /* Frameworks */ = {
			isa = PBXGroup;
			children = (
				06B0AE88E483034DCC9BC5E4 /* Pods_oauth_test.framework */,
			);
			name = Frameworks;
			sourceTree = "<group>";
		};
		B12F7ED77222428CCB89EC7A /* Pods */ = {
			isa = PBXGroup;
			children = (
				12C7B2E7A6BF2FB19C0DB031 /* Pods-oauth-test.debug.xcconfig */,
				8C556D52D4E686DE1F5D47A6 /* Pods-oauth-test.release.xcconfig */,
			);
			path = Pods;
			sourceTree = "<group>";
		};
		E212637823EC961500A0AAC1 = {
			isa = PBXGroup;
			children = (
				E212638323EC961500A0AAC1 /* oauth-test */,
				E212638223EC961500A0AAC1 /* Products */,
				B12F7ED77222428CCB89EC7A /* Pods */,
				66A9D84BDE863A4C0E1DC5DC /* Frameworks */,
			);
			sourceTree = "<group>";
		};
		E212638223EC961500A0AAC1 /* Products */ = {
			isa = PBXGroup;
			children = (
				E212638123EC961500A0AAC1 /* oauth-test.app */,
			);
			name = Products;
			sourceTree = "<group>";
		};
		E212638323EC961500A0AAC1 /* oauth-test */ = {
			isa = PBXGroup;
			children = (
				E212638423EC961500A0AAC1 /* AppDelegate.swift */,
				E212638623EC961500A0AAC1 /* SceneDelegate.swift */,
				E212638823EC961600A0AAC1 /* ViewController.swift */,
				E212638A23EC961600A0AAC1 /* Main.storyboard */,
				E212638D23EC961700A0AAC1 /* Assets.xcassets */,
				E212638F23EC961700A0AAC1 /* LaunchScreen.storyboard */,
				E212639223EC961700A0AAC1 /* Info.plist */,
			);
			path = "oauth-test";
			sourceTree = "<group>";
		};
/* End PBXGroup section */

/* Begin PBXNativeTarget section */
		E212638023EC961500A0AAC1 /* oauth-test */ = {
			isa = PBXNativeTarget;
			buildConfigurationList = E212639523EC961700A0AAC1 /* Build configuration list for PBXNativeTarget "oauth-test" */;
			buildPhases = (
				EE2FEB05BEF0E9B9222F85F9 /* [CP] Check Pods Manifest.lock */,
				E212637D23EC961500A0AAC1 /* Sources */,
				E212637E23EC961500A0AAC1 /* Frameworks */,
				E212637F23EC961500A0AAC1 /* Resources */,
				68FDBA1F564CF9BB35859B02 /* [CP] Embed Pods Frameworks */,
			);
			buildRules = (
			);
			dependencies = (
			);
			name = "oauth-test";
			productName = "oauth-test";
			productReference = E212638123EC961500A0AAC1 /* oauth-test.app */;
			productType = "com.apple.product-type.application";
		};
/* End PBXNativeTarget section */

/* Begin PBXProject section */
		E212637923EC961500A0AAC1 /* Project object */ = {
			isa = PBXProject;
			attributes = {
				LastSwiftUpdateCheck = 1130;
				LastUpgradeCheck = 1130;
				ORGANIZATIONNAME = "Tom Rochat";
				TargetAttributes = {
					E212638023EC961500A0AAC1 = {
						CreatedOnToolsVersion = 11.3;
					};
				};
			};
			buildConfigurationList = E212637C23EC961500A0AAC1 /* Build configuration list for PBXProject "oauth-test" */;
			compatibilityVersion = "Xcode 9.3";
			developmentRegion = en;
			hasScannedForEncodings = 0;
			knownRegions = (
				en,
				Base,
			);
			mainGroup = E212637823EC961500A0AAC1;
			productRefGroup = E212638223EC961500A0AAC1 /* Products */;
			projectDirPath = "";
			projectRoot = "";
			targets = (
				E212638023EC961500A0AAC1 /* oauth-test */,
			);
		};
/* End PBXProject section */

/* Begin PBXResourcesBuildPhase section */
		E212637F23EC961500A0AAC1 /* Resources */ = {
			isa = PBXResourcesBuildPhase;
			buildActionMask = 2147483647;
			files = (
				E212639123EC961700A0AAC1 /* LaunchScreen.storyboard in Resources */,
				E212638E23EC961700A0AAC1 /* Assets.xcassets in Resources */,
				E212638C23EC961600A0AAC1 /* Main.storyboard in Resources */,
			);
			runOnlyForDeploymentPostprocessing = 0;
		};
/* End PBXResourcesBuildPhase section */

/* Begin PBXShellScriptBuildPhase section */
		68FDBA1F564CF9BB35859B02 /* [CP] Embed Pods Frameworks */ = {
			isa = PBXShellScriptBuildPhase;
			buildActionMask = 2147483647;
			files = (
			);
			inputFileListPaths = (
				"${PODS_ROOT}/Target Support Files/Pods-oauth-test/Pods-oauth-test-frameworks-${CONFIGURATION}-input-files.xcfilelist",
			);
			name = "[CP] Embed Pods Frameworks";
			outputFileListPaths = (
				"${PODS_ROOT}/Target Support Files/Pods-oauth-test/Pods-oauth-test-frameworks-${CONFIGURATION}-output-files.xcfilelist",
			);
			runOnlyForDeploymentPostprocessing = 0;
			shellPath = /bin/sh;
			shellScript = "\"${PODS_ROOT}/Target Support Files/Pods-oauth-test/Pods-oauth-test-frameworks.sh\"\n";
			showEnvVarsInLog = 0;
		};
		EE2FEB05BEF0E9B9222F85F9 /* [CP] Check Pods Manifest.lock */ = {
			isa = PBXShellScriptBuildPhase;
			buildActionMask = 2147483647;
			files = (
			);
			inputFileListPaths = (
			);
			inputPaths = (
				"${PODS_PODFILE_DIR_PATH}/Podfile.lock",
				"${PODS_ROOT}/Manifest.lock",
			);
			name = "[CP] Check Pods Manifest.lock";
			outputFileListPaths = (
			);
			outputPaths = (
				"$(DERIVED_FILE_DIR)/Pods-oauth-test-checkManifestLockResult.txt",
			);
			runOnlyForDeploymentPostprocessing = 0;
			shellPath = /bin/sh;
			shellScript = "diff \"${PODS_PODFILE_DIR_PATH}/Podfile.lock\" \"${PODS_ROOT}/Manifest.lock\" > /dev/null\nif [ $? != 0 ] ; then\n    # print error to STDERR\n    echo \"error: The sandbox is not in sync with the Podfile.lock. Run 'pod install' or update your CocoaPods installation.\" >&2\n    exit 1\nfi\n# This output is used by Xcode 'outputs' to avoid re-running this script phase.\necho \"SUCCESS\" > \"${SCRIPT_OUTPUT_FILE_0}\"\n";
			showEnvVarsInLog = 0;
		};
/* End PBXShellScriptBuildPhase section */

/* Begin PBXSourcesBuildPhase section */
		E212637D23EC961500A0AAC1 /* Sources */ = {
			isa = PBXSourcesBuildPhase;
			buildActionMask = 2147483647;
			files = (
				E212638923EC961600A0AAC1 /* ViewController.swift in Sources */,
				E212638523EC961500A0AAC1 /* AppDelegate.swift in Sources */,
				E212638723EC961500A0AAC1 /* SceneDelegate.swift in Sources */,
			);
			runOnlyForDeploymentPostprocessing = 0;
		};
/* End PBXSourcesBuildPhase section */

/* Begin PBXVariantGroup section */
		E212638A23EC961600A0AAC1 /* Main.storyboard */ = {
			isa = PBXVariantGroup;
			children = (
				E212638B23EC961600A0AAC1 /* Base */,
			);
			name = Main.storyboard;
			sourceTree = "<group>";
		};
		E212638F23EC961700A0AAC1 /* LaunchScreen.storyboard */ = {
			isa = PBXVariantGroup;
			children = (
				E212639023EC961700A0AAC1 /* Base */,
			);
			name = LaunchScreen.storyboard;
			sourceTree = "<group>";
		};
/* End PBXVariantGroup section */

/* Begin XCBuildConfiguration section */
		E212639323EC961700A0AAC1 /* Debug */ = {
			isa = XCBuildConfiguration;
			buildSettings = {
				ALWAYS_SEARCH_USER_PATHS = NO;
				CLANG_ANALYZER_NONNULL = YES;
				CLANG_ANALYZER_NUMBER_OBJECT_CONVERSION = YES_AGGRESSIVE;
				CLANG_CXX_LANGUAGE_STANDARD = "gnu++14";
				CLANG_CXX_LIBRARY = "libc++";
				CLANG_ENABLE_MODULES = YES;
				CLANG_ENABLE_OBJC_ARC = YES;
				CLANG_ENABLE_OBJC_WEAK = YES;
				CLANG_WARN_BLOCK_CAPTURE_AUTORELEASING = YES;
				CLANG_WARN_BOOL_CONVERSION = YES;
				CLANG_WARN_COMMA = YES;
				CLANG_WARN_CONSTANT_CONVERSION = YES;
				CLANG_WARN_DEPRECATED_OBJC_IMPLEMENTATIONS = YES;
				CLANG_WARN_DIRECT_OBJC_ISA_USAGE = YES_ERROR;
				CLANG_WARN_DOCUMENTATION_COMMENTS = YES;
				CLANG_WARN_EMPTY_BODY = YES;
				CLANG_WARN_ENUM_CONVERSION = YES;
				CLANG_WARN_INFINITE_RECURSION = YES;
				CLANG_WARN_INT_CONVERSION = YES;
				CLANG_WARN_NON_LITERAL_NULL_CONVERSION = YES;
				CLANG_WARN_OBJC_IMPLICIT_RETAIN_SELF = YES;
				CLANG_WARN_OBJC_LITERAL_CONVERSION = YES;
				CLANG_WARN_OBJC_ROOT_CLASS = YES_ERROR;
				CLANG_WARN_RANGE_LOOP_ANALYSIS = YES;
				CLANG_WARN_STRICT_PROTOTYPES = YES;
				CLANG_WARN_SUSPICIOUS_MOVE = YES;
				CLANG_WARN_UNGUARDED_AVAILABILITY = YES_AGGRESSIVE;
				CLANG_WARN_UNREACHABLE_CODE = YES;
				CLANG_WARN__DUPLICATE_METHOD_MATCH = YES;
				COPY_PHASE_STRIP = NO;
				DEBUG_INFORMATION_FORMAT = dwarf;
				ENABLE_STRICT_OBJC_MSGSEND = YES;
				ENABLE_TESTABILITY = YES;
				GCC_C_LANGUAGE_STANDARD = gnu11;
				GCC_DYNAMIC_NO_PIC = NO;
				GCC_NO_COMMON_BLOCKS = YES;
				GCC_OPTIMIZATION_LEVEL = 0;
				GCC_PREPROCESSOR_DEFINITIONS = (
					"DEBUG=1",
					"$(inherited)",
				);
				GCC_WARN_64_TO_32_BIT_CONVERSION = YES;
				GCC_WARN_ABOUT_RETURN_TYPE = YES_ERROR;
				GCC_WARN_UNDECLARED_SELECTOR = YES;
				GCC_WARN_UNINITIALIZED_AUTOS = YES_AGGRESSIVE;
				GCC_WARN_UNUSED_FUNCTION = YES;
				GCC_WARN_UNUSED_VARIABLE = YES;
				IPHONEOS_DEPLOYMENT_TARGET = 13.2;
				MTL_ENABLE_DEBUG_INFO = INCLUDE_SOURCE;
				MTL_FAST_MATH = YES;
				ONLY_ACTIVE_ARCH = YES;
				SDKROOT = iphoneos;
				SWIFT_ACTIVE_COMPILATION_CONDITIONS = DEBUG;
				SWIFT_OPTIMIZATION_LEVEL = "-Onone";
			};
			name = Debug;
		};
		E212639423EC961700A0AAC1 /* Release */ = {
			isa = XCBuildConfiguration;
			buildSettings = {
				ALWAYS_SEARCH_USER_PATHS = NO;
				CLANG_ANALYZER_NONNULL = YES;
				CLANG_ANALYZER_NUMBER_OBJECT_CONVERSION = YES_AGGRESSIVE;
				CLANG_CXX_LANGUAGE_STANDARD = "gnu++14";
				CLANG_CXX_LIBRARY = "libc++";
				CLANG_ENABLE_MODULES = YES;
				CLANG_ENABLE_OBJC_ARC = YES;
				CLANG_ENABLE_OBJC_WEAK = YES;
				CLANG_WARN_BLOCK_CAPTURE_AUTORELEASING = YES;
				CLANG_WARN_BOOL_CONVERSION = YES;
				CLANG_WARN_COMMA = YES;
				CLANG_WARN_CONSTANT_CONVERSION = YES;
				CLANG_WARN_DEPRECATED_OBJC_IMPLEMENTATIONS = YES;
				CLANG_WARN_DIRECT_OBJC_ISA_USAGE = YES_ERROR;
				CLANG_WARN_DOCUMENTATION_COMMENTS = YES;
				CLANG_WARN_EMPTY_BODY = YES;
				CLANG_WARN_ENUM_CONVERSION = YES;
				CLANG_WARN_INFINITE_RECURSION = YES;
				CLANG_WARN_INT_CONVERSION = YES;
				CLANG_WARN_NON_LITERAL_NULL_CONVERSION = YES;
				CLANG_WARN_OBJC_IMPLICIT_RETAIN_SELF = YES;
				CLANG_WARN_OBJC_LITERAL_CONVERSION = YES;
				CLANG_WARN_OBJC_ROOT_CLASS = YES_ERROR;
				CLANG_WARN_RANGE_LOOP_ANALYSIS = YES;
				CLANG_WARN_STRICT_PROTOTYPES = YES;
				CLANG_WARN_SUSPICIOUS_MOVE = YES;
				CLANG_WARN_UNGUARDED_AVAILABILITY = YES_AGGRESSIVE;
				CLANG_WARN_UNREACHABLE_CODE = YES;
				CLANG_WARN__DUPLICATE_METHOD_MATCH = YES;
				COPY_PHASE_STRIP = NO;
				DEBUG_INFORMATION_FORMAT = "dwarf-with-dsym";
				ENABLE_NS_ASSERTIONS = NO;
				ENABLE_STRICT_OBJC_MSGSEND = YES;
				GCC_C_LANGUAGE_STANDARD = gnu11;
				GCC_NO_COMMON_BLOCKS = YES;
				GCC_WARN_64_TO_32_BIT_CONVERSION = YES;
				GCC_WARN_ABOUT_RETURN_TYPE = YES_ERROR;
				GCC_WARN_UNDECLARED_SELECTOR = YES;
				GCC_WARN_UNINITIALIZED_AUTOS = YES_AGGRESSIVE;
				GCC_WARN_UNUSED_FUNCTION = YES;
				GCC_WARN_UNUSED_VARIABLE = YES;
				IPHONEOS_DEPLOYMENT_TARGET = 13.2;
				MTL_ENABLE_DEBUG_INFO = NO;
				MTL_FAST_MATH = YES;
				SDKROOT = iphoneos;
				SWIFT_COMPILATION_MODE = wholemodule;
				SWIFT_OPTIMIZATION_LEVEL = "-O";
				VALIDATE_PRODUCT = YES;
			};
			name = Release;
		};
		E212639623EC961700A0AAC1 /* Debug */ = {
			isa = XCBuildConfiguration;
			baseConfigurationReference = 12C7B2E7A6BF2FB19C0DB031 /* Pods-oauth-test.debug.xcconfig */;
			buildSettings = {
				ASSETCATALOG_COMPILER_APPICON_NAME = AppIcon;
				CODE_SIGN_STYLE = Automatic;
				INFOPLIST_FILE = "oauth-test/Info.plist";
				LD_RUNPATH_SEARCH_PATHS = (
					"$(inherited)",
					"@executable_path/Frameworks",
				);
				PRODUCT_BUNDLE_IDENTIFIER = "com.koapp.oauth-test";
				PRODUCT_NAME = "$(TARGET_NAME)";
				SWIFT_VERSION = 5.0;
				TARGETED_DEVICE_FAMILY = "1,2";
			};
			name = Debug;
		};
		E212639723EC961700A0AAC1 /* Release */ = {
			isa = XCBuildConfiguration;
			baseConfigurationReference = 8C556D52D4E686DE1F5D47A6 /* Pods-oauth-test.release.xcconfig */;
			buildSettings = {
				ASSETCATALOG_COMPILER_APPICON_NAME = AppIcon;
				CODE_SIGN_STYLE = Automatic;
				INFOPLIST_FILE = "oauth-test/Info.plist";
				LD_RUNPATH_SEARCH_PATHS = (
					"$(inherited)",
					"@executable_path/Frameworks",
				);
				PRODUCT_BUNDLE_IDENTIFIER = "com.koapp.oauth-test";
				PRODUCT_NAME = "$(TARGET_NAME)";
				SWIFT_VERSION = 5.0;
				TARGETED_DEVICE_FAMILY = "1,2";
			};
			name = Release;
		};
/* End XCBuildConfiguration section */

/* Begin XCConfigurationList section */
		E212637C23EC961500A0AAC1 /* Build configuration list for PBXProject "oauth-test" */ = {
			isa = XCConfigurationList;
			buildConfigurations = (
				E212639323EC961700A0AAC1 /* Debug */,
				E212639423EC961700A0AAC1 /* Release */,
			);
			defaultConfigurationIsVisible = 0;
			defaultConfigurationName = Release;
		};
		E212639523EC961700A0AAC1 /* Build configuration list for PBXNativeTarget "oauth-test" */ = {
			isa = XCConfigurationList;
			buildConfigurations = (
				E212639623EC961700A0AAC1 /* Debug */,
				E212639723EC961700A0AAC1 /* Release */,
			);
			defaultConfigurationIsVisible = 0;
			defaultConfigurationName = Release;
		};
/* End XCConfigurationList section */
	};
	rootObject = E212637923EC961500A0AAC1 /* Project object */;
}
